
Microsoft Visual Studio Solution File, Format Version 12.00
# Visual Studio Version 17
VisualStudioVersion = 17.3.32929.385
MinimumVisualStudioVersion = 10.0.40219.1
Project("{FAE04EC0-301F-11D3-BF4B-00C04F79EFBC}") = "OtusHomework_8", "OtusHomework_8\OtusHomework_8.csproj", "{D32D6228-1A8D-4DED-81E6-403077AAB0FB}"
EndProject
Global
	GlobalSection(SolutionConfigurationPlatforms) = preSolution
		Debug|Any CPU = Debug|Any CPU
		Release|Any CPU = Release|Any CPU
	EndGlobalSection
	GlobalSection(ProjectConfigurationPlatforms) = postSolution
		{D32D6228-1A8D-4DED-81E6-403077AAB0FB}.Debug|Any CPU.ActiveCfg = Debug|Any CPU
		{D32D6228-1A8D-4DED-81E6-403077AAB0FB}.Debug|Any CPU.Build.0 = Debug|Any CPU
		{D32D6228-1A8D-4DED-81E6-403077AAB0FB}.Release|Any CPU.ActiveCfg = Release|Any CPU
		{D32D6228-1A8D-4DED-81E6-403077AAB0FB}.Release|Any CPU.Build.0 = Release|Any CPU
	EndGlobalSection
	GlobalSection(SolutionProperties) = preSolution
		HideSolutionNode = FALSE
	EndGlobalSection
	GlobalSection(ExtensibilityGlobals) = postSolution
		SolutionGuid = {55B80615-E795-4DF1-99CD-E48EBC801593}
	EndGlobalSection
EndGlobal
